// !$*UTF8*$!
{
	archiveVersion = 1;
	classes = {
	};
	objectVersion = 56;
	objects = {

/* Begin PBXBuildFile section */
		216586B2297FA405008EC00E /* AppDelegate.swift in Sources */ = {isa = PBXBuildFile; fileRef = 216586B1297FA405008EC00E /* AppDelegate.swift */; };
		216586B4297FA405008EC00E /* SceneDelegate.swift in Sources */ = {isa = PBXBuildFile; fileRef = 216586B3297FA405008EC00E /* SceneDelegate.swift */; };
		216586B6297FA405008EC00E /* ViewController.swift in Sources */ = {isa = PBXBuildFile; fileRef = 216586B5297FA405008EC00E /* ViewController.swift */; };
		216586B9297FA405008EC00E /* Main.storyboard in Resources */ = {isa = PBXBuildFile; fileRef = 216586B7297FA405008EC00E /* Main.storyboard */; };
		216586BB297FA40A008EC00E /* Assets.xcassets in Resources */ = {isa = PBXBuildFile; fileRef = 216586BA297FA40A008EC00E /* Assets.xcassets */; };
		216586BE297FA40A008EC00E /* LaunchScreen.storyboard in Resources */ = {isa = PBXBuildFile; fileRef = 216586BC297FA40A008EC00E /* LaunchScreen.storyboard */; };
		216586C9297FA40B008EC00E /* videoPlayerTests.swift in Sources */ = {isa = PBXBuildFile; fileRef = 216586C8297FA40B008EC00E /* videoPlayerTests.swift */; };
		216586D3297FA40B008EC00E /* videoPlayerUITests.swift in Sources */ = {isa = PBXBuildFile; fileRef = 216586D2297FA40B008EC00E /* videoPlayerUITests.swift */; };
		216586D5297FA40B008EC00E /* videoPlayerUITestsLaunchTests.swift in Sources */ = {isa = PBXBuildFile; fileRef = 216586D4297FA40B008EC00E /* videoPlayerUITestsLaunchTests.swift */; };
		216586E4297FA880008EC00E /* sample-5s.mp4 in Resources */ = {isa = PBXBuildFile; fileRef = 216586E3297FA880008EC00E /* sample-5s.mp4 */; };
/* End PBXBuildFile section */

/* Begin PBXContainerItemProxy section */
		216586C5297FA40B008EC00E /* PBXContainerItemProxy */ = {
			isa = PBXContainerItemProxy;
			containerPortal = 216586A6297FA405008EC00E /* Project object */;
			proxyType = 1;
			remoteGlobalIDString = 216586AD297FA405008EC00E;
			remoteInfo = videoPlayer;
		};
		216586CF297FA40B008EC00E /* PBXContainerItemProxy */ = {
			isa = PBXContainerItemProxy;
			containerPortal = 216586A6297FA405008EC00E /* Project object */;
			proxyType = 1;
			remoteGlobalIDString = 216586AD297FA405008EC00E;
			remoteInfo = videoPlayer;
		};
/* End PBXContainerItemProxy section */

/* Begin PBXFileReference section */
		216586AE297FA405008EC00E /* videoPlayer.app */ = {isa = PBXFileReference; explicitFileType = wrapper.application; includeInIndex = 0; path = videoPlayer.app; sourceTree = BUILT_PRODUCTS_DIR; };
		216586B1297FA405008EC00E /* AppDelegate.swift */ = {isa = PBXFileReference; lastKnownFileType = sourcecode.swift; path = AppDelegate.swift; sourceTree = "<group>"; };
		216586B3297FA405008EC00E /* SceneDelegate.swift */ = {isa = PBXFileReference; lastKnownFileType = sourcecode.swift; path = SceneDelegate.swift; sourceTree = "<group>"; };
		216586B5297FA405008EC00E /* ViewController.swift */ = {isa = PBXFileReference; lastKnownFileType = sourcecode.swift; path = ViewController.swift; sourceTree = "<group>"; };
		216586B8297FA405008EC00E /* Base */ = {isa = PBXFileReference; lastKnownFileType = file.storyboard; name = Base; path = Base.lproj/Main.storyboard; sourceTree = "<group>"; };
		216586BA297FA40A008EC00E /* Assets.xcassets */ = {isa = PBXFileReference; lastKnownFileType = folder.assetcatalog; path = Assets.xcassets; sourceTree = "<group>"; };
		216586BD297FA40A008EC00E /* Base */ = {isa = PBXFileReference; lastKnownFileType = file.storyboard; name = Base; path = Base.lproj/LaunchScreen.storyboard; sourceTree = "<group>"; };
		216586BF297FA40A008EC00E /* Info.plist */ = {isa = PBXFileReference; lastKnownFileType = text.plist.xml; path = Info.plist; sourceTree = "<group>"; };
		216586C4297FA40B008EC00E /* videoPlayerTests.xctest */ = {isa = PBXFileReference; explicitFileType = wrapper.cfbundle; includeInIndex = 0; path = videoPlayerTests.xctest; sourceTree = BUILT_PRODUCTS_DIR; };
		216586C8297FA40B008EC00E /* videoPlayerTests.swift */ = {isa = PBXFileReference; lastKnownFileType = sourcecode.swift; path = videoPlayerTests.swift; sourceTree = "<group>"; };
		216586CE297FA40B008EC00E /* videoPlayerUITests.xctest */ = {isa = PBXFileReference; explicitFileType = wrapper.cfbundle; includeInIndex = 0; path = videoPlayerUITests.xctest; sourceTree = BUILT_PRODUCTS_DIR; };
		216586D2297FA40B008EC00E /* videoPlayerUITests.swift */ = {isa = PBXFileReference; lastKnownFileType = sourcecode.swift; path = videoPlayerUITests.swift; sourceTree = "<group>"; };
		216586D4297FA40B008EC00E /* videoPlayerUITestsLaunchTests.swift */ = {isa = PBXFileReference; lastKnownFileType = sourcecode.swift; path = videoPlayerUITestsLaunchTests.swift; sourceTree = "<group>"; };
		216586E3297FA880008EC00E /* sample-5s.mp4 */ = {isa = PBXFileReference; lastKnownFileType = file; path = "sample-5s.mp4"; sourceTree = "<group>"; };
/* End PBXFileReference section */

/* Begin PBXFrameworksBuildPhase section */
		216586AB297FA405008EC00E /* Frameworks */ = {
			isa = PBXFrameworksBuildPhase;
			buildActionMask = 2147483647;
			files = (
			);
			runOnlyForDeploymentPostprocessing = 0;
		};
		216586C1297FA40B008EC00E /* Frameworks */ = {
			isa = PBXFrameworksBuildPhase;
			buildActionMask = 2147483647;
			files = (
			);
			runOnlyForDeploymentPostprocessing = 0;
		};
		216586CB297FA40B008EC00E /* Frameworks */ = {
			isa = PBXFrameworksBuildPhase;
			buildActionMask = 2147483647;
			files = (
			);
			runOnlyForDeploymentPostprocessing = 0;
		};
/* End PBXFrameworksBuildPhase section */

/* Begin PBXGroup section */
		216586A5297FA405008EC00E = {
			isa = PBXGroup;
			children = (
				216586B0297FA405008EC00E /* videoPlayer */,
				216586C7297FA40B008EC00E /* videoPlayerTests */,
				216586D1297FA40B008EC00E /* videoPlayerUITests */,
				216586AF297FA405008EC00E /* Products */,
			);
			sourceTree = "<group>";
		};
		216586AF297FA405008EC00E /* Products */ = {
			isa = PBXGroup;
			children = (
				216586AE297FA405008EC00E /* videoPlayer.app */,
				216586C4297FA40B008EC00E /* videoPlayerTests.xctest */,
				216586CE297FA40B008EC00E /* videoPlayerUITests.xctest */,
			);
			name = Products;
			sourceTree = "<group>";
		};
		216586B0297FA405008EC00E /* videoPlayer */ = {
			isa = PBXGroup;
			children = (
				216586E3297FA880008EC00E /* sample-5s.mp4 */,
				216586B1297FA405008EC00E /* AppDelegate.swift */,
				216586B3297FA405008EC00E /* SceneDelegate.swift */,
				216586B5297FA405008EC00E /* ViewController.swift */,
				216586B7297FA405008EC00E /* Main.storyboard */,
				216586BA297FA40A008EC00E /* Assets.xcassets */,
				216586BC297FA40A008EC00E /* LaunchScreen.storyboard */,
				216586BF297FA40A008EC00E /* Info.plist */,
			);
			path = videoPlayer;
			sourceTree = "<group>";
		};
		216586C7297FA40B008EC00E /* videoPlayerTests */ = {
			isa = PBXGroup;
			children = (
				216586C8297FA40B008EC00E /* videoPlayerTests.swift */,
			);
			path = videoPlayerTests;
			sourceTree = "<group>";
		};
		216586D1297FA40B008EC00E /* videoPlayerUITests */ = {
			isa = PBXGroup;
			children = (
				216586D2297FA40B008EC00E /* videoPlayerUITests.swift */,
				216586D4297FA40B008EC00E /* videoPlayerUITestsLaunchTests.swift */,
			);
			path = videoPlayerUITests;
			sourceTree = "<group>";
		};
/* End PBXGroup section */

/* Begin PBXNativeTarget section */
		216586AD297FA405008EC00E /* videoPlayer */ = {
			isa = PBXNativeTarget;
			buildConfigurationList = 216586D8297FA40B008EC00E /* Build configuration list for PBXNativeTarget "videoPlayer" */;
			buildPhases = (
				216586AA297FA405008EC00E /* Sources */,
				216586AB297FA405008EC00E /* Frameworks */,
				216586AC297FA405008EC00E /* Resources */,
			);
			buildRules = (
			);
			dependencies = (
			);
			name = videoPlayer;
			productName = videoPlayer;
			productReference = 216586AE297FA405008EC00E /* videoPlayer.app */;
			productType = "com.apple.product-type.application";
		};
		216586C3297FA40B008EC00E /* videoPlayerTests */ = {
			isa = PBXNativeTarget;
			buildConfigurationList = 216586DB297FA40B008EC00E /* Build configuration list for PBXNativeTarget "videoPlayerTests" */;
			buildPhases = (
				216586C0297FA40B008EC00E /* Sources */,
				216586C1297FA40B008EC00E /* Frameworks */,
				216586C2297FA40B008EC00E /* Resources */,
			);
			buildRules = (
			);
			dependencies = (
				216586C6297FA40B008EC00E /* PBXTargetDependency */,
			);
			name = videoPlayerTests;
			productName = videoPlayerTests;
			productReference = 216586C4297FA40B008EC00E /* videoPlayerTests.xctest */;
			productType = "com.apple.product-type.bundle.unit-test";
		};
		216586CD297FA40B008EC00E /* videoPlayerUITests */ = {
			isa = PBXNativeTarget;
			buildConfigurationList = 216586DE297FA40B008EC00E /* Build configuration list for PBXNativeTarget "videoPlayerUITests" */;
			buildPhases = (
				216586CA297FA40B008EC00E /* Sources */,
				216586CB297FA40B008EC00E /* Frameworks */,
				216586CC297FA40B008EC00E /* Resources */,
			);
			buildRules = (
			);
			dependencies = (
				216586D0297FA40B008EC00E /* PBXTargetDependency */,
			);
			name = videoPlayerUITests;
			productName = videoPlayerUITests;
			productReference = 216586CE297FA40B008EC00E /* videoPlayerUITests.xctest */;
			productType = "com.apple.product-type.bundle.ui-testing";
		};
/* End PBXNativeTarget section */

/* Begin PBXProject section */
		216586A6297FA405008EC00E /* Project object */ = {
			isa = PBXProject;
			attributes = {
				BuildIndependentTargetsInParallel = 1;
				LastSwiftUpdateCheck = 1410;
				LastUpgradeCheck = 1410;
				TargetAttributes = {
					216586AD297FA405008EC00E = {
						CreatedOnToolsVersion = 14.1;
					};
					216586C3297FA40B008EC00E = {
						CreatedOnToolsVersion = 14.1;
						TestTargetID = 216586AD297FA405008EC00E;
					};
					216586CD297FA40B008EC00E = {
						CreatedOnToolsVersion = 14.1;
						TestTargetID = 216586AD297FA405008EC00E;
					};
				};
			};
			buildConfigurationList = 216586A9297FA405008EC00E /* Build configuration list for PBXProject "videoPlayer" */;
			compatibilityVersion = "Xcode 14.0";
			developmentRegion = en;
			hasScannedForEncodings = 0;
			knownRegions = (
				en,
				Base,
			);
			mainGroup = 216586A5297FA405008EC00E;
			productRefGroup = 216586AF297FA405008EC00E /* Products */;
			projectDirPath = "";
			projectRoot = "";
			targets = (
				216586AD297FA405008EC00E /* videoPlayer */,
				216586C3297FA40B008EC00E /* videoPlayerTests */,
				216586CD297FA40B008EC00E /* videoPlayerUITests */,
			);
		};
/* End PBXProject section */

/* Begin PBXResourcesBuildPhase section */
		216586AC297FA405008EC00E /* Resources */ = {
			isa = PBXResourcesBuildPhase;
			buildActionMask = 2147483647;
			files = (
				216586BE297FA40A008EC00E /* LaunchScreen.storyboard in Resources */,
				216586BB297FA40A008EC00E /* Assets.xcassets in Resources */,
				216586B9297FA405008EC00E /* Main.storyboard in Resources */,
				216586E4297FA880008EC00E /* sample-5s.mp4 in Resources */,
			);
			runOnlyForDeploymentPostprocessing = 0;
		};
		216586C2297FA40B008EC00E /* Resources */ = {
			isa = PBXResourcesBuildPhase;
			buildActionMask = 2147483647;
			files = (
			);
			runOnlyForDeploymentPostprocessing = 0;
		};
		216586CC297FA40B008EC00E /* Resources */ = {
			isa = PBXResourcesBuildPhase;
			buildActionMask = 2147483647;
			files = (
			);
			runOnlyForDeploymentPostprocessing = 0;
		};
/* End PBXResourcesBuildPhase section */

/* Begin PBXSourcesBuildPhase section */
		216586AA297FA405008EC00E /* Sources */ = {
			isa = PBXSourcesBuildPhase;
			buildActionMask = 2147483647;
			files = (
				216586B6297FA405008EC00E /* ViewController.swift in Sources */,
				216586B2297FA405008EC00E /* AppDelegate.swift in Sources */,
				216586B4297FA405008EC00E /* SceneDelegate.swift in Sources */,
			);
			runOnlyForDeploymentPostprocessing = 0;
		};
		216586C0297FA40B008EC00E /* Sources */ = {
			isa = PBXSourcesBuildPhase;
			buildActionMask = 2147483647;
			files = (
				216586C9297FA40B008EC00E /* videoPlayerTests.swift in Sources */,
			);
			runOnlyForDeploymentPostprocessing = 0;
		};
		216586CA297FA40B008EC00E /* Sources */ = {
			isa = PBXSourcesBuildPhase;
			buildActionMask = 2147483647;
			files = (
				216586D3297FA40B008EC00E /* videoPlayerUITests.swift in Sources */,
				216586D5297FA40B008EC00E /* videoPlayerUITestsLaunchTests.swift in Sources */,
			);
			runOnlyForDeploymentPostprocessing = 0;
		};
/* End PBXSourcesBuildPhase section */

/* Begin PBXTargetDependency section */
		216586C6297FA40B008EC00E /* PBXTargetDependency */ = {
			isa = PBXTargetDependency;
			target = 216586AD297FA405008EC00E /* videoPlayer */;
			targetProxy = 216586C5297FA40B008EC00E /* PBXContainerItemProxy */;
		};
		216586D0297FA40B008EC00E /* PBXTargetDependency */ = {
			isa = PBXTargetDependency;
			target = 216586AD297FA405008EC00E /* videoPlayer */;
			targetProxy = 216586CF297FA40B008EC00E /* PBXContainerItemProxy */;
		};
/* End PBXTargetDependency section */

/* Begin PBXVariantGroup section */
		216586B7297FA405008EC00E /* Main.storyboard */ = {
			isa = PBXVariantGroup;
			children = (
				216586B8297FA405008EC00E /* Base */,
			);
			name = Main.storyboard;
			sourceTree = "<group>";
		};
		216586BC297FA40A008EC00E /* LaunchScreen.storyboard */ = {
			isa = PBXVariantGroup;
			children = (
				216586BD297FA40A008EC00E /* Base */,
			);
			name = LaunchScreen.storyboard;
			sourceTree = "<group>";
		};
/* End PBXVariantGroup section */

/* Begin XCBuildConfiguration section */
		216586D6297FA40B008EC00E /* Debug */ = {
			isa = XCBuildConfiguration;
			buildSettings = {
				ALWAYS_SEARCH_USER_PATHS = NO;
				CLANG_ANALYZER_NONNULL = YES;
				CLANG_ANALYZER_NUMBER_OBJECT_CONVERSION = YES_AGGRESSIVE;
				CLANG_CXX_LANGUAGE_STANDARD = "gnu++20";
				CLANG_ENABLE_MODULES = YES;
				CLANG_ENABLE_OBJC_ARC = YES;
				CLANG_ENABLE_OBJC_WEAK = YES;
				CLANG_WARN_BLOCK_CAPTURE_AUTORELEASING = YES;
				CLANG_WARN_BOOL_CONVERSION = YES;
				CLANG_WARN_COMMA = YES;
				CLANG_WARN_CONSTANT_CONVERSION = YES;
				CLANG_WARN_DEPRECATED_OBJC_IMPLEMENTATIONS = YES;
				CLANG_WARN_DIRECT_OBJC_ISA_USAGE = YES_ERROR;
				CLANG_WARN_DOCUMENTATION_COMMENTS = YES;
				CLANG_WARN_EMPTY_BODY = YES;
				CLANG_WARN_ENUM_CONVERSION = YES;
				CLANG_WARN_INFINITE_RECURSION = YES;
				CLANG_WARN_INT_CONVERSION = YES;
				CLANG_WARN_NON_LITERAL_NULL_CONVERSION = YES;
				CLANG_WARN_OBJC_IMPLICIT_RETAIN_SELF = YES;
				CLANG_WARN_OBJC_LITERAL_CONVERSION = YES;
				CLANG_WARN_OBJC_ROOT_CLASS = YES_ERROR;
				CLANG_WARN_QUOTED_INCLUDE_IN_FRAMEWORK_HEADER = YES;
				CLANG_WARN_RANGE_LOOP_ANALYSIS = YES;
				CLANG_WARN_STRICT_PROTOTYPES = YES;
				CLANG_WARN_SUSPICIOUS_MOVE = YES;
				CLANG_WARN_UNGUARDED_AVAILABILITY = YES_AGGRESSIVE;
				CLANG_WARN_UNREACHABLE_CODE = YES;
				CLANG_WARN__DUPLICATE_METHOD_MATCH = YES;
				COPY_PHASE_STRIP = NO;
				DEBUG_INFORMATION_FORMAT = dwarf;
				ENABLE_STRICT_OBJC_MSGSEND = YES;
				ENABLE_TESTABILITY = YES;
				GCC_C_LANGUAGE_STANDARD = gnu11;
				GCC_DYNAMIC_NO_PIC = NO;
				GCC_NO_COMMON_BLOCKS = YES;
				GCC_OPTIMIZATION_LEVEL = 0;
				GCC_PREPROCESSOR_DEFINITIONS = (
					"DEBUG=1",
					"$(inherited)",
				);
				GCC_WARN_64_TO_32_BIT_CONVERSION = YES;
				GCC_WARN_ABOUT_RETURN_TYPE = YES_ERROR;
				GCC_WARN_UNDECLARED_SELECTOR = YES;
				GCC_WARN_UNINITIALIZED_AUTOS = YES_AGGRESSIVE;
				GCC_WARN_UNUSED_FUNCTION = YES;
				GCC_WARN_UNUSED_VARIABLE = YES;
				IPHONEOS_DEPLOYMENT_TARGET = 16.1;
				MTL_ENABLE_DEBUG_INFO = INCLUDE_SOURCE;
				MTL_FAST_MATH = YES;
				ONLY_ACTIVE_ARCH = YES;
				SDKROOT = iphoneos;
				SWIFT_ACTIVE_COMPILATION_CONDITIONS = DEBUG;
				SWIFT_OPTIMIZATION_LEVEL = "-Onone";
			};
			name = Debug;
		};
		216586D7297FA40B008EC00E /* Release */ = {
			isa = XCBuildConfiguration;
			buildSettings = {
				ALWAYS_SEARCH_USER_PATHS = NO;
				CLANG_ANALYZER_NONNULL = YES;
				CLANG_ANALYZER_NUMBER_OBJECT_CONVERSION = YES_AGGRESSIVE;
				CLANG_CXX_LANGUAGE_STANDARD = "gnu++20";
				CLANG_ENABLE_MODULES = YES;
				CLANG_ENABLE_OBJC_ARC = YES;
				CLANG_ENABLE_OBJC_WEAK = YES;
				CLANG_WARN_BLOCK_CAPTURE_AUTORELEASING = YES;
				CLANG_WARN_BOOL_CONVERSION = YES;
				CLANG_WARN_COMMA = YES;
				CLANG_WARN_CONSTANT_CONVERSION = YES;
				CLANG_WARN_DEPRECATED_OBJC_IMPLEMENTATIONS = YES;
				CLANG_WARN_DIRECT_OBJC_ISA_USAGE = YES_ERROR;
				CLANG_WARN_DOCUMENTATION_COMMENTS = YES;
				CLANG_WARN_EMPTY_BODY = YES;
				CLANG_WARN_ENUM_CONVERSION = YES;
				CLANG_WARN_INFINITE_RECURSION = YES;
				CLANG_WARN_INT_CONVERSION = YES;
				CLANG_WARN_NON_LITERAL_NULL_CONVERSION = YES;
				CLANG_WARN_OBJC_IMPLICIT_RETAIN_SELF = YES;
				CLANG_WARN_OBJC_LITERAL_CONVERSION = YES;
				CLANG_WARN_OBJC_ROOT_CLASS = YES_ERROR;
				CLANG_WARN_QUOTED_INCLUDE_IN_FRAMEWORK_HEADER = YES;
				CLANG_WARN_RANGE_LOOP_ANALYSIS = YES;
				CLANG_WARN_STRICT_PROTOTYPES = YES;
				CLANG_WARN_SUSPICIOUS_MOVE = YES;
				CLANG_WARN_UNGUARDED_AVAILABILITY = YES_AGGRESSIVE;
				CLANG_WARN_UNREACHABLE_CODE = YES;
				CLANG_WARN__DUPLICATE_METHOD_MATCH = YES;
				COPY_PHASE_STRIP = NO;
				DEBUG_INFORMATION_FORMAT = "dwarf-with-dsym";
				ENABLE_NS_ASSERTIONS = NO;
				ENABLE_STRICT_OBJC_MSGSEND = YES;
				GCC_C_LANGUAGE_STANDARD = gnu11;
				GCC_NO_COMMON_BLOCKS = YES;
				GCC_WARN_64_TO_32_BIT_CONVERSION = YES;
				GCC_WARN_ABOUT_RETURN_TYPE = YES_ERROR;
				GCC_WARN_UNDECLARED_SELECTOR = YES;
				GCC_WARN_UNINITIALIZED_AUTOS = YES_AGGRESSIVE;
				GCC_WARN_UNUSED_FUNCTION = YES;
				GCC_WARN_UNUSED_VARIABLE = YES;
				IPHONEOS_DEPLOYMENT_TARGET = 16.1;
				MTL_ENABLE_DEBUG_INFO = NO;
				MTL_FAST_MATH = YES;
				SDKROOT = iphoneos;
				SWIFT_COMPILATION_MODE = wholemodule;
				SWIFT_OPTIMIZATION_LEVEL = "-O";
				VALIDATE_PRODUCT = YES;
			};
			name = Release;
		};
		216586D9297FA40B008EC00E /* Debug */ = {
			isa = XCBuildConfiguration;
			buildSettings = {
				ASSETCATALOG_COMPILER_APPICON_NAME = AppIcon;
				ASSETCATALOG_COMPILER_GLOBAL_ACCENT_COLOR_NAME = AccentColor;
				CODE_SIGN_STYLE = Automatic;
				CURRENT_PROJECT_VERSION = 1;
				DEVELOPMENT_TEAM = 476TR835Y7;
				GENERATE_INFOPLIST_FILE = YES;
				INFOPLIST_FILE = videoPlayer/Info.plist;
				INFOPLIST_KEY_UIApplicationSupportsIndirectInputEvents = YES;
				INFOPLIST_KEY_UILaunchStoryboardName = LaunchScreen;
				INFOPLIST_KEY_UIMainStoryboardFile = Main;
				INFOPLIST_KEY_UISupportedInterfaceOrientations_iPad = "UIInterfaceOrientationPortrait UIInterfaceOrientationPortraitUpsideDown UIInterfaceOrientationLandscapeLeft UIInterfaceOrientationLandscapeRight";
				INFOPLIST_KEY_UISupportedInterfaceOrientations_iPhone = "UIInterfaceOrientationPortrait UIInterfaceOrientationLandscapeLeft UIInterfaceOrientationLandscapeRight";
				LD_RUNPATH_SEARCH_PATHS = (
					"$(inherited)",
					"@executable_path/Frameworks",
				);
				MARKETING_VERSION = 1.0;
				PRODUCT_BUNDLE_IDENTIFIER = com.animate.videoPlayer;
				PRODUCT_NAME = "$(TARGET_NAME)";
				SWIFT_EMIT_LOC_STRINGS = YES;
				SWIFT_VERSION = 5.0;
				TARGETED_DEVICE_FAMILY = "1,2";
			};
			name = Debug;
		};
		216586DA297FA40B008EC00E /* Release */ = {
			isa = XCBuildConfiguration;
			buildSettings = {
				ASSETCATALOG_COMPILER_APPICON_NAME = AppIcon;
				ASSETCATALOG_COMPILER_GLOBAL_ACCENT_COLOR_NAME = AccentColor;
				CODE_SIGN_STYLE = Automatic;
				CURRENT_PROJECT_VERSION = 1;
				DEVELOPMENT_TEAM = 476TR835Y7;
				GENERATE_INFOPLIST_FILE = YES;
				INFOPLIST_FILE = videoPlayer/Info.plist;
				INFOPLIST_KEY_UIApplicationSupportsIndirectInputEvents = YES;
				INFOPLIST_KEY_UILaunchStoryboardName = LaunchScreen;
				INFOPLIST_KEY_UIMainStoryboardFile = Main;
				INFOPLIST_KEY_UISupportedInterfaceOrientations_iPad = "UIInterfaceOrientationPortrait UIInterfaceOrientationPortraitUpsideDown UIInterfaceOrientationLandscapeLeft UIInterfaceOrientationLandscapeRight";
				INFOPLIST_KEY_UISupportedInterfaceOrientations_iPhone = "UIInterfaceOrientationPortrait UIInterfaceOrientationLandscapeLeft UIInterfaceOrientationLandscapeRight";
				LD_RUNPATH_SEARCH_PATHS = (
					"$(inherited)",
					"@executable_path/Frameworks",
				);
				MARKETING_VERSION = 1.0;
				PRODUCT_BUNDLE_IDENTIFIER = com.animate.videoPlayer;
				PRODUCT_NAME = "$(TARGET_NAME)";
				SWIFT_EMIT_LOC_STRINGS = YES;
				SWIFT_VERSION = 5.0;
				TARGETED_DEVICE_FAMILY = "1,2";
			};
			name = Release;
		};
		216586DC297FA40B008EC00E /* Debug */ = {
			isa = XCBuildConfiguration;
			buildSettings = {
				ALWAYS_EMBED_SWIFT_STANDARD_LIBRARIES = YES;
				BUNDLE_LOADER = "$(TEST_HOST)";
				CODE_SIGN_STYLE = Automatic;
				CURRENT_PROJECT_VERSION = 1;
				DEVELOPMENT_TEAM = 476TR835Y7;
				GENERATE_INFOPLIST_FILE = YES;
				IPHONEOS_DEPLOYMENT_TARGET = 16.1;
				MARKETING_VERSION = 1.0;
				PRODUCT_BUNDLE_IDENTIFIER = com.animate.videoPlayerTests;
				PRODUCT_NAME = "$(TARGET_NAME)";
				SWIFT_EMIT_LOC_STRINGS = NO;
				SWIFT_VERSION = 5.0;
				TARGETED_DEVICE_FAMILY = "1,2";
				TEST_HOST = "$(BUILT_PRODUCTS_DIR)/videoPlayer.app/$(BUNDLE_EXECUTABLE_FOLDER_PATH)/videoPlayer";
			};
			name = Debug;
		};
		216586DD297FA40B008EC00E /* Release */ = {
			isa = XCBuildConfiguration;
			buildSettings = {
				ALWAYS_EMBED_SWIFT_STANDARD_LIBRARIES = YES;
				BUNDLE_LOADER = "$(TEST_HOST)";
				CODE_SIGN_STYLE = Automatic;
				CURRENT_PROJECT_VERSION = 1;
				DEVELOPMENT_TEAM = 476TR835Y7;
				GENERATE_INFOPLIST_FILE = YES;
				IPHONEOS_DEPLOYMENT_TARGET = 16.1;
				MARKETING_VERSION = 1.0;
				PRODUCT_BUNDLE_IDENTIFIER = com.animate.videoPlayerTests;
				PRODUCT_NAME = "$(TARGET_NAME)";
				SWIFT_EMIT_LOC_STRINGS = NO;
				SWIFT_VERSION = 5.0;
				TARGETED_DEVICE_FAMILY = "1,2";
				TEST_HOST = "$(BUILT_PRODUCTS_DIR)/videoPlayer.app/$(BUNDLE_EXECUTABLE_FOLDER_PATH)/videoPlayer";
			};
			name = Release;
		};
		216586DF297FA40B008EC00E /* Debug */ = {
			isa = XCBuildConfiguration;
			buildSettings = {
				ALWAYS_EMBED_SWIFT_STANDARD_LIBRARIES = YES;
				CODE_SIGN_STYLE = Automatic;
				CURRENT_PROJECT_VERSION = 1;
				DEVELOPMENT_TEAM = 476TR835Y7;
				GENERATE_INFOPLIST_FILE = YES;
				MARKETING_VERSION = 1.0;
				PRODUCT_BUNDLE_IDENTIFIER = com.animate.videoPlayerUITests;
				PRODUCT_NAME = "$(TARGET_NAME)";
				SWIFT_EMIT_LOC_STRINGS = NO;
				SWIFT_VERSION = 5.0;
				TARGETED_DEVICE_FAMILY = "1,2";
				TEST_TARGET_NAME = videoPlayer;
			};
			name = Debug;
		};
		216586E0297FA40B008EC00E /* Release */ = {
			isa = XCBuildConfiguration;
			buildSettings = {
				ALWAYS_EMBED_SWIFT_STANDARD_LIBRARIES = YES;
				CODE_SIGN_STYLE = Automatic;
				CURRENT_PROJECT_VERSION = 1;
				DEVELOPMENT_TEAM = 476TR835Y7;
				GENERATE_INFOPLIST_FILE = YES;
				MARKETING_VERSION = 1.0;
				PRODUCT_BUNDLE_IDENTIFIER = com.animate.videoPlayerUITests;
				PRODUCT_NAME = "$(TARGET_NAME)";
				SWIFT_EMIT_LOC_STRINGS = NO;
				SWIFT_VERSION = 5.0;
				TARGETED_DEVICE_FAMILY = "1,2";
				TEST_TARGET_NAME = videoPlayer;
			};
			name = Release;
		};
/* End XCBuildConfiguration section */

/* Begin XCConfigurationList section */
		216586A9297FA405008EC00E /* Build configuration list for PBXProject "videoPlayer" */ = {
			isa = XCConfigurationList;
			buildConfigurations = (
				216586D6297FA40B008EC00E /* Debug */,
				216586D7297FA40B008EC00E /* Release */,
			);
			defaultConfigurationIsVisible = 0;
			defaultConfigurationName = Release;
		};
		216586D8297FA40B008EC00E /* Build configuration list for PBXNativeTarget "videoPlayer" */ = {
			isa = XCConfigurationList;
			buildConfigurations = (
				216586D9297FA40B008EC00E /* Debug */,
				216586DA297FA40B008EC00E /* Release */,
			);
			defaultConfigurationIsVisible = 0;
			defaultConfigurationName = Release;
		};
		216586DB297FA40B008EC00E /* Build configuration list for PBXNativeTarget "videoPlayerTests" */ = {
			isa = XCConfigurationList;
			buildConfigurations = (
				216586DC297FA40B008EC00E /* Debug */,
				216586DD297FA40B008EC00E /* Release */,
			);
			defaultConfigurationIsVisible = 0;
			defaultConfigurationName = Release;
		};
		216586DE297FA40B008EC00E /* Build configuration list for PBXNativeTarget "videoPlayerUITests" */ = {
			isa = XCConfigurationList;
			buildConfigurations = (
				216586DF297FA40B008EC00E /* Debug */,
				216586E0297FA40B008EC00E /* Release */,
			);
			defaultConfigurationIsVisible = 0;
			defaultConfigurationName = Release;
		};
/* End XCConfigurationList section */
	};
	rootObject = 216586A6297FA405008EC00E /* Project object */;
}
